lockfileVersion: 5.3

specifiers:
  '@types/node': ^14.14.37
  ts-node: ^9.1.1
  typescript: ^4.2.4

devDependencies:
  '@types/node': 14.14.37
  ts-node: 9.1.1_typescript@4.2.4
  typescript: 4.2.4

packages:

  /@types/node/14.14.37:
    resolution: {integrity: sha1-o92NpOuEqZbDbjMd+Y2Cq9drUW4=, tarball: '@types/node/download/@types/node-14.14.37.tgz?cache=0&sync_timestamp=1616816269591&other_urls=https%3A%2F%2Fregistry.npm.taobao.org%2F%40types%2Fnode%2Fdownload%2F%40types%2Fnode-14.14.37.tgz'}
    dev: true

  /arg/4.1.3:
    resolution: {integrity: sha1-Jp/HrVuOQstjyJbVZmAXJhwUQIk=, tarball: arg/download/arg-4.1.3.tgz}
    dev: true

  /buffer-from/1.1.1:
    resolution: {integrity: sha1-MnE7wCj3XAL9txDXx7zsHyxgcO8=, tarball: buffer-from/download/buffer-from-1.1.1.tgz}
    dev: true

  /create-require/1.1.1:
    resolution: {integrity: sha1-wdfo8eX2z8n/ZfnNNS03NIdWwzM=, tarball: create-require/download/create-require-1.1.1.tgz}
    dev: true

  /diff/4.0.2:
    resolution: {integrity: sha1-YPOuy4nV+uUgwRqhnvwruYKq3n0=, tarball: diff/download/diff-4.0.2.tgz}
    engines: {node: '>=0.3.1'}
    dev: true

  /make-error/1.3.6:
    resolution: {integrity: sha1-LrLjfqm2fEiR9oShOUeZr0hM96I=, tarball: make-error/download/make-error-1.3.6.tgz}
    dev: true

  /source-map-support/0.5.19:
    resolution: {integrity: sha1-qYti+G3K9PZzmWSMCFKRq56P7WE=, tarball: source-map-support/download/source-map-support-0.5.19.tgz}
    dependencies:
      buffer-from: 1.1.1
      source-map: 0.6.1
    dev: true

  /source-map/0.6.1:
    resolution: {integrity: sha1-dHIq8y6WFOnCh6jQu95IteLxomM=, tarball: source-map/download/source-map-0.6.1.tgz}
    engines: {node: '>=0.10.0'}
    dev: true

  /ts-node/9.1.1_typescript@4.2.4:
    resolution: {integrity: sha1-UamkUKPpWUAb2l8ASnLVS5NtN20=, tarball: ts-node/download/ts-node-9.1.1.tgz}
    engines: {node: '>=10.0.0'}
    hasBin: true
    peerDependencies:
      typescript: '>=2.7'
    dependencies:
      arg: 4.1.3
      create-require: 1.1.1
      diff: 4.0.2
      make-error: 1.3.6
      source-map-support: 0.5.19
      typescript: 4.2.4
      yn: 3.1.1
    dev: true

  /typescript/4.2.4:
    resolution: {integrity: sha1-hhC1l0feAo/aiYqK7w4QPxVtCWE=, tarball: typescript/download/typescript-4.2.4.tgz}
    engines: {node: '>=4.2.0'}
    hasBin: true
    dev: true

  /yn/3.1.1:
    resolution: {integrity: sha1-HodAGgnXZ8HV6rJqbkwYUYLS61A=, tarball: yn/download/yn-3.1.1.tgz}
    engines: {node: '>=6'}
    dev: true
